{
  "name": "e2e_test",
  "version": "1.0.0",
  "lockfileVersion": 1,
  "requires": true,
  "dependencies": {
    "@dart2ts/dart": {
      "version": "0.1.4",
      "resolved": "http://localhost:4873/@dart2ts%2fdart/-/dart-0.1.4.tgz",
      "integrity": "sha512-uuuk2y6+BLVYzU50r/dYrUbmlKosYrlw4a3v+XoNTW1zCKb6eTr7JuTqQMpx/Rx5ayViAWt51StANMa3tYAhmg=="
    },
    "reflect-metadata": {
      "version": "0.1.12",
      "resolved": "https://registry.npmjs.org/reflect-metadata/-/reflect-metadata-0.1.12.tgz",
      "integrity": "sha512-n+IyV+nGz3+0q3/Yf1ra12KpCyi001bi4XFxSjbiWWjfqb52iTTtpGXmCCAOWWIAn9KEuFZKGqBERHmrtScZ3A=="
    },
    "typescript": {
      "version": "3.0.3",
      "resolved": "https://registry.npmjs.org/typescript/-/typescript-3.0.3.tgz",
      "integrity": "sha512-kk80vLW9iGtjMnIv11qyxLqZm20UklzuR2tL0QAnDIygIUIemcZMxlMWudl9OOt76H3ntVzcTiddQ1/pAAJMYg==",
      "dev": true
    }
  }
}
